
Microsoft Visual Studio Solution File, Format Version 12.00
# Visual Studio 15
VisualStudioVersion = 15.0.28010.2050
MinimumVisualStudioVersion = 10.0.40219.1
Project("{FAE04EC0-301F-11D3-BF4B-00C04F79EFBC}") = "Sales.Android", "Sales\Sales.Android\Sales.Android.csproj", "{90F4479A-6897-4AC6-8A3D-3ACEED6B89CA}"
EndProject
Project("{FAE04EC0-301F-11D3-BF4B-00C04F79EFBC}") = "Sales.iOS", "Sales\Sales.iOS\Sales.iOS.csproj", "{2C9C4DBE-0D84-4CED-A767-006A6A8E4DA0}"
EndProject
Project("{FAE04EC0-301F-11D3-BF4B-00C04F79EFBC}") = "Sales.UWP", "Sales\Sales.UWP\Sales.UWP.csproj", "{F954B5F4-28D3-4E7D-88E9-5A61BD372376}"
EndProject
Project("{9A19103F-16F7-4668-BE54-9A1E7A4F7556}") = "Sales", "Sales\Sales\Sales.csproj", "{4C49D7A5-6F4C-4908-9F60-E61EE720C84E}"
EndProject
Project("{FAE04EC0-301F-11D3-BF4B-00C04F79EFBC}") = "Sales.BackEnd", "Sales.BackEnd\Sales.BackEnd.csproj", "{56AC038A-73CB-4BF9-8208-3487A00C63FE}"
EndProject
Project("{FAE04EC0-301F-11D3-BF4B-00C04F79EFBC}") = "Sales.API", "Sales.API\Sales.API.csproj", "{3596D306-A56D-46B5-8828-DB842971E20B}"
EndProject
Project("{FAE04EC0-301F-11D3-BF4B-00C04F79EFBC}") = "Sales.API.Tests", "Sales.API.Tests\Sales.API.Tests.csproj", "{D05BDFF3-6159-46F1-882B-C90D80CB7F66}"
EndProject
Project("{FAE04EC0-301F-11D3-BF4B-00C04F79EFBC}") = "Sales.Domain", "Sales.Domain\Sales.Domain.csproj", "{4A1BC80F-F210-4B41-814A-658E90435A59}"
EndProject
Project("{FAE04EC0-301F-11D3-BF4B-00C04F79EFBC}") = "Sales.Common", "Sales.Common\Sales.Common.csproj", "{E806835F-D44F-41C6-8587-3D83A742A67D}"
EndProject
Global
	GlobalSection(SolutionConfigurationPlatforms) = preSolution
		Ad-Hoc|Any CPU = Ad-Hoc|Any CPU
		Ad-Hoc|ARM = Ad-Hoc|ARM
		Ad-Hoc|iPhone = Ad-Hoc|iPhone
		Ad-Hoc|iPhoneSimulator = Ad-Hoc|iPhoneSimulator
		Ad-Hoc|x64 = Ad-Hoc|x64
		Ad-Hoc|x86 = Ad-Hoc|x86
		AppStore|Any CPU = AppStore|Any CPU
		AppStore|ARM = AppStore|ARM
		AppStore|iPhone = AppStore|iPhone
		AppStore|iPhoneSimulator = AppStore|iPhoneSimulator
		AppStore|x64 = AppStore|x64
		AppStore|x86 = AppStore|x86
		Debug|Any CPU = Debug|Any CPU
		Debug|ARM = Debug|ARM
		Debug|iPhone = Debug|iPhone
		Debug|iPhoneSimulator = Debug|iPhoneSimulator
		Debug|x64 = Debug|x64
		Debug|x86 = Debug|x86
		Release|Any CPU = Release|Any CPU
		Release|ARM = Release|ARM
		Release|iPhone = Release|iPhone
		Release|iPhoneSimulator = Release|iPhoneSimulator
		Release|x64 = Release|x64
		Release|x86 = Release|x86
	EndGlobalSection
	GlobalSection(ProjectConfigurationPlatforms) = postSolution
		{90F4479A-6897-4AC6-8A3D-3ACEED6B89CA}.Ad-Hoc|Any CPU.ActiveCfg = Release|Any CPU
		{90F4479A-6897-4AC6-8A3D-3ACEED6B89CA}.Ad-Hoc|Any CPU.Build.0 = Release|Any CPU
		{90F4479A-6897-4AC6-8A3D-3ACEED6B89CA}.Ad-Hoc|Any CPU.Deploy.0 = Release|Any CPU
		{90F4479A-6897-4AC6-8A3D-3ACEED6B89CA}.Ad-Hoc|ARM.ActiveCfg = Release|Any CPU
		{90F4479A-6897-4AC6-8A3D-3ACEED6B89CA}.Ad-Hoc|ARM.Build.0 = Release|Any CPU
		{90F4479A-6897-4AC6-8A3D-3ACEED6B89CA}.Ad-Hoc|ARM.Deploy.0 = Release|Any CPU
		{90F4479A-6897-4AC6-8A3D-3ACEED6B89CA}.Ad-Hoc|iPhone.ActiveCfg = Release|Any CPU
		{90F4479A-6897-4AC6-8A3D-3ACEED6B89CA}.Ad-Hoc|iPhone.Build.0 = Release|Any CPU
		{90F4479A-6897-4AC6-8A3D-3ACEED6B89CA}.Ad-Hoc|iPhone.Deploy.0 = Release|Any CPU
		{90F4479A-6897-4AC6-8A3D-3ACEED6B89CA}.Ad-Hoc|iPhoneSimulator.ActiveCfg = Release|Any CPU
		{90F4479A-6897-4AC6-8A3D-3ACEED6B89CA}.Ad-Hoc|iPhoneSimulator.Build.0 = Release|Any CPU
		{90F4479A-6897-4AC6-8A3D-3ACEED6B89CA}.Ad-Hoc|iPhoneSimulator.Deploy.0 = Release|Any CPU
		{90F4479A-6897-4AC6-8A3D-3ACEED6B89CA}.Ad-Hoc|x64.ActiveCfg = Release|Any CPU
		{90F4479A-6897-4AC6-8A3D-3ACEED6B89CA}.Ad-Hoc|x64.Build.0 = Release|Any CPU
		{90F4479A-6897-4AC6-8A3D-3ACEED6B89CA}.Ad-Hoc|x64.Deploy.0 = Release|Any CPU
		{90F4479A-6897-4AC6-8A3D-3ACEED6B89CA}.Ad-Hoc|x86.ActiveCfg = Release|Any CPU
		{90F4479A-6897-4AC6-8A3D-3ACEED6B89CA}.Ad-Hoc|x86.Build.0 = Release|Any CPU
		{90F4479A-6897-4AC6-8A3D-3ACEED6B89CA}.Ad-Hoc|x86.Deploy.0 = Release|Any CPU
		{90F4479A-6897-4AC6-8A3D-3ACEED6B89CA}.AppStore|Any CPU.ActiveCfg = Release|Any CPU
		{90F4479A-6897-4AC6-8A3D-3ACEED6B89CA}.AppStore|Any CPU.Build.0 = Release|Any CPU
		{90F4479A-6897-4AC6-8A3D-3ACEED6B89CA}.AppStore|Any CPU.Deploy.0 = Release|Any CPU
		{90F4479A-6897-4AC6-8A3D-3ACEED6B89CA}.AppStore|ARM.ActiveCfg = Release|Any CPU
		{90F4479A-6897-4AC6-8A3D-3ACEED6B89CA}.AppStore|ARM.Build.0 = Release|Any CPU
		{90F4479A-6897-4AC6-8A3D-3ACEED6B89CA}.AppStore|ARM.Deploy.0 = Release|Any CPU
		{90F4479A-6897-4AC6-8A3D-3ACEED6B89CA}.AppStore|iPhone.ActiveCfg = Release|Any CPU
		{90F4479A-6897-4AC6-8A3D-3ACEED6B89CA}.AppStore|iPhone.Build.0 = Release|Any CPU
		{90F4479A-6897-4AC6-8A3D-3ACEED6B89CA}.AppStore|iPhone.Deploy.0 = Release|Any CPU
		{90F4479A-6897-4AC6-8A3D-3ACEED6B89CA}.AppStore|iPhoneSimulator.ActiveCfg = Release|Any CPU
		{90F4479A-6897-4AC6-8A3D-3ACEED6B89CA}.AppStore|iPhoneSimulator.Build.0 = Release|Any CPU
		{90F4479A-6897-4AC6-8A3D-3ACEED6B89CA}.AppStore|iPhoneSimulator.Deploy.0 = Release|Any CPU
		{90F4479A-6897-4AC6-8A3D-3ACEED6B89CA}.AppStore|x64.ActiveCfg = Release|Any CPU
		{90F4479A-6897-4AC6-8A3D-3ACEED6B89CA}.AppStore|x64.Build.0 = Release|Any CPU
		{90F4479A-6897-4AC6-8A3D-3ACEED6B89CA}.AppStore|x64.Deploy.0 = Release|Any CPU
		{90F4479A-6897-4AC6-8A3D-3ACEED6B89CA}.AppStore|x86.ActiveCfg = Release|Any CPU
		{90F4479A-6897-4AC6-8A3D-3ACEED6B89CA}.AppStore|x86.Build.0 = Release|Any CPU
		{90F4479A-6897-4AC6-8A3D-3ACEED6B89CA}.AppStore|x86.Deploy.0 = Release|Any CPU
		{90F4479A-6897-4AC6-8A3D-3ACEED6B89CA}.Debug|Any CPU.ActiveCfg = Debug|Any CPU
		{90F4479A-6897-4AC6-8A3D-3ACEED6B89CA}.Debug|Any CPU.Build.0 = Debug|Any CPU
		{90F4479A-6897-4AC6-8A3D-3ACEED6B89CA}.Debug|Any CPU.Deploy.0 = Debug|Any CPU
		{90F4479A-6897-4AC6-8A3D-3ACEED6B89CA}.Debug|ARM.ActiveCfg = Debug|Any CPU
		{90F4479A-6897-4AC6-8A3D-3ACEED6B89CA}.Debug|ARM.Build.0 = Debug|Any CPU
		{90F4479A-6897-4AC6-8A3D-3ACEED6B89CA}.Debug|ARM.Deploy.0 = Debug|Any CPU
		{90F4479A-6897-4AC6-8A3D-3ACEED6B89CA}.Debug|iPhone.ActiveCfg = Debug|Any CPU
		{90F4479A-6897-4AC6-8A3D-3ACEED6B89CA}.Debug|iPhone.Build.0 = Debug|Any CPU
		{90F4479A-6897-4AC6-8A3D-3ACEED6B89CA}.Debug|iPhone.Deploy.0 = Debug|Any CPU
		{90F4479A-6897-4AC6-8A3D-3ACEED6B89CA}.Debug|iPhoneSimulator.ActiveCfg = Debug|Any CPU
		{90F4479A-6897-4AC6-8A3D-3ACEED6B89CA}.Debug|iPhoneSimulator.Build.0 = Debug|Any CPU
		{90F4479A-6897-4AC6-8A3D-3ACEED6B89CA}.Debug|iPhoneSimulator.Deploy.0 = Debug|Any CPU
		{90F4479A-6897-4AC6-8A3D-3ACEED6B89CA}.Debug|x64.ActiveCfg = Debug|Any CPU
		{90F4479A-6897-4AC6-8A3D-3ACEED6B89CA}.Debug|x64.Build.0 = Debug|Any CPU
		{90F4479A-6897-4AC6-8A3D-3ACEED6B89CA}.Debug|x64.Deploy.0 = Debug|Any CPU
		{90F4479A-6897-4AC6-8A3D-3ACEED6B89CA}.Debug|x86.ActiveCfg = Debug|Any CPU
		{90F4479A-6897-4AC6-8A3D-3ACEED6B89CA}.Debug|x86.Build.0 = Debug|Any CPU
		{90F4479A-6897-4AC6-8A3D-3ACEED6B89CA}.Debug|x86.Deploy.0 = Debug|Any CPU
		{90F4479A-6897-4AC6-8A3D-3ACEED6B89CA}.Release|Any CPU.ActiveCfg = Release|Any CPU
		{90F4479A-6897-4AC6-8A3D-3ACEED6B89CA}.Release|Any CPU.Build.0 = Release|Any CPU
		{90F4479A-6897-4AC6-8A3D-3ACEED6B89CA}.Release|Any CPU.Deploy.0 = Release|Any CPU
		{90F4479A-6897-4AC6-8A3D-3ACEED6B89CA}.Release|ARM.ActiveCfg = Release|Any CPU
		{90F4479A-6897-4AC6-8A3D-3ACEED6B89CA}.Release|ARM.Build.0 = Release|Any CPU
		{90F4479A-6897-4AC6-8A3D-3ACEED6B89CA}.Release|ARM.Deploy.0 = Release|Any CPU
		{90F4479A-6897-4AC6-8A3D-3ACEED6B89CA}.Release|iPhone.ActiveCfg = Release|Any CPU
		{90F4479A-6897-4AC6-8A3D-3ACEED6B89CA}.Release|iPhone.Build.0 = Release|Any CPU
		{90F4479A-6897-4AC6-8A3D-3ACEED6B89CA}.Release|iPhone.Deploy.0 = Release|Any CPU
		{90F4479A-6897-4AC6-8A3D-3ACEED6B89CA}.Release|iPhoneSimulator.ActiveCfg = Release|Any CPU
		{90F4479A-6897-4AC6-8A3D-3ACEED6B89CA}.Release|iPhoneSimulator.Build.0 = Release|Any CPU
		{90F4479A-6897-4AC6-8A3D-3ACEED6B89CA}.Release|iPhoneSimulator.Deploy.0 = Release|Any CPU
		{90F4479A-6897-4AC6-8A3D-3ACEED6B89CA}.Release|x64.ActiveCfg = Release|Any CPU
		{90F4479A-6897-4AC6-8A3D-3ACEED6B89CA}.Release|x64.Build.0 = Release|Any CPU
		{90F4479A-6897-4AC6-8A3D-3ACEED6B89CA}.Release|x64.Deploy.0 = Release|Any CPU
		{90F4479A-6897-4AC6-8A3D-3ACEED6B89CA}.Release|x86.ActiveCfg = Release|Any CPU
		{90F4479A-6897-4AC6-8A3D-3ACEED6B89CA}.Release|x86.Build.0 = Release|Any CPU
		{90F4479A-6897-4AC6-8A3D-3ACEED6B89CA}.Release|x86.Deploy.0 = Release|Any CPU
		{2C9C4DBE-0D84-4CED-A767-006A6A8E4DA0}.Ad-Hoc|Any CPU.ActiveCfg = Ad-Hoc|iPhone
		{2C9C4DBE-0D84-4CED-A767-006A6A8E4DA0}.Ad-Hoc|Any CPU.Build.0 = Ad-Hoc|iPhone
		{2C9C4DBE-0D84-4CED-A767-006A6A8E4DA0}.Ad-Hoc|Any CPU.Deploy.0 = Ad-Hoc|iPhone
		{2C9C4DBE-0D84-4CED-A767-006A6A8E4DA0}.Ad-Hoc|ARM.ActiveCfg = Ad-Hoc|iPhone
		{2C9C4DBE-0D84-4CED-A767-006A6A8E4DA0}.Ad-Hoc|ARM.Build.0 = Ad-Hoc|iPhone
		{2C9C4DBE-0D84-4CED-A767-006A6A8E4DA0}.Ad-Hoc|ARM.Deploy.0 = Ad-Hoc|iPhone
		{2C9C4DBE-0D84-4CED-A767-006A6A8E4DA0}.Ad-Hoc|iPhone.ActiveCfg = Ad-Hoc|iPhone
		{2C9C4DBE-0D84-4CED-A767-006A6A8E4DA0}.Ad-Hoc|iPhone.Build.0 = Ad-Hoc|iPhone
		{2C9C4DBE-0D84-4CED-A767-006A6A8E4DA0}.Ad-Hoc|iPhone.Deploy.0 = Ad-Hoc|iPhone
		{2C9C4DBE-0D84-4CED-A767-006A6A8E4DA0}.Ad-Hoc|iPhoneSimulator.ActiveCfg = Ad-Hoc|iPhoneSimulator
		{2C9C4DBE-0D84-4CED-A767-006A6A8E4DA0}.Ad-Hoc|iPhoneSimulator.Build.0 = Ad-Hoc|iPhoneSimulator
		{2C9C4DBE-0D84-4CED-A767-006A6A8E4DA0}.Ad-Hoc|iPhoneSimulator.Deploy.0 = Ad-Hoc|iPhoneSimulator
		{2C9C4DBE-0D84-4CED-A767-006A6A8E4DA0}.Ad-Hoc|x64.ActiveCfg = Ad-Hoc|iPhone
		{2C9C4DBE-0D84-4CED-A767-006A6A8E4DA0}.Ad-Hoc|x64.Build.0 = Ad-Hoc|iPhone
		{2C9C4DBE-0D84-4CED-A767-006A6A8E4DA0}.Ad-Hoc|x64.Deploy.0 = Ad-Hoc|iPhone
		{2C9C4DBE-0D84-4CED-A767-006A6A8E4DA0}.Ad-Hoc|x86.ActiveCfg = Ad-Hoc|iPhone
		{2C9C4DBE-0D84-4CED-A767-006A6A8E4DA0}.Ad-Hoc|x86.Build.0 = Ad-Hoc|iPhone
		{2C9C4DBE-0D84-4CED-A767-006A6A8E4DA0}.Ad-Hoc|x86.Deploy.0 = Ad-Hoc|iPhone
		{2C9C4DBE-0D84-4CED-A767-006A6A8E4DA0}.AppStore|Any CPU.ActiveCfg = AppStore|iPhone
		{2C9C4DBE-0D84-4CED-A767-006A6A8E4DA0}.AppStore|Any CPU.Build.0 = AppStore|iPhone
		{2C9C4DBE-0D84-4CED-A767-006A6A8E4DA0}.AppStore|Any CPU.Deploy.0 = AppStore|iPhone
		{2C9C4DBE-0D84-4CED-A767-006A6A8E4DA0}.AppStore|ARM.ActiveCfg = AppStore|iPhone
		{2C9C4DBE-0D84-4CED-A767-006A6A8E4DA0}.AppStore|ARM.Build.0 = AppStore|iPhone
		{2C9C4DBE-0D84-4CED-A767-006A6A8E4DA0}.AppStore|ARM.Deploy.0 = AppStore|iPhone
		{2C9C4DBE-0D84-4CED-A767-006A6A8E4DA0}.AppStore|iPhone.ActiveCfg = AppStore|iPhone
		{2C9C4DBE-0D84-4CED-A767-006A6A8E4DA0}.AppStore|iPhone.Build.0 = AppStore|iPhone
		{2C9C4DBE-0D84-4CED-A767-006A6A8E4DA0}.AppStore|iPhone.Deploy.0 = AppStore|iPhone
		{2C9C4DBE-0D84-4CED-A767-006A6A8E4DA0}.AppStore|iPhoneSimulator.ActiveCfg = AppStore|iPhoneSimulator
		{2C9C4DBE-0D84-4CED-A767-006A6A8E4DA0}.AppStore|iPhoneSimulator.Build.0 = AppStore|iPhoneSimulator
		{2C9C4DBE-0D84-4CED-A767-006A6A8E4DA0}.AppStore|iPhoneSimulator.Deploy.0 = AppStore|iPhoneSimulator
		{2C9C4DBE-0D84-4CED-A767-006A6A8E4DA0}.AppStore|x64.ActiveCfg = AppStore|iPhone
		{2C9C4DBE-0D84-4CED-A767-006A6A8E4DA0}.AppStore|x64.Build.0 = AppStore|iPhone
		{2C9C4DBE-0D84-4CED-A767-006A6A8E4DA0}.AppStore|x64.Deploy.0 = AppStore|iPhone
		{2C9C4DBE-0D84-4CED-A767-006A6A8E4DA0}.AppStore|x86.ActiveCfg = AppStore|iPhone
		{2C9C4DBE-0D84-4CED-A767-006A6A8E4DA0}.AppStore|x86.Build.0 = AppStore|iPhone
		{2C9C4DBE-0D84-4CED-A767-006A6A8E4DA0}.AppStore|x86.Deploy.0 = AppStore|iPhone
		{2C9C4DBE-0D84-4CED-A767-006A6A8E4DA0}.Debug|Any CPU.ActiveCfg = Debug|iPhoneSimulator
		{2C9C4DBE-0D84-4CED-A767-006A6A8E4DA0}.Debug|Any CPU.Build.0 = Debug|iPhoneSimulator
		{2C9C4DBE-0D84-4CED-A767-006A6A8E4DA0}.Debug|Any CPU.Deploy.0 = Debug|iPhoneSimulator
		{2C9C4DBE-0D84-4CED-A767-006A6A8E4DA0}.Debug|ARM.ActiveCfg = Debug|iPhone
		{2C9C4DBE-0D84-4CED-A767-006A6A8E4DA0}.Debug|ARM.Build.0 = Debug|iPhone
		{2C9C4DBE-0D84-4CED-A767-006A6A8E4DA0}.Debug|ARM.Deploy.0 = Debug|iPhone
		{2C9C4DBE-0D84-4CED-A767-006A6A8E4DA0}.Debug|iPhone.ActiveCfg = Debug|iPhone
		{2C9C4DBE-0D84-4CED-A767-006A6A8E4DA0}.Debug|iPhone.Build.0 = Debug|iPhone
		{2C9C4DBE-0D84-4CED-A767-006A6A8E4DA0}.Debug|iPhone.Deploy.0 = Debug|iPhone
		{2C9C4DBE-0D84-4CED-A767-006A6A8E4DA0}.Debug|iPhoneSimulator.ActiveCfg = Debug|iPhoneSimulator
		{2C9C4DBE-0D84-4CED-A767-006A6A8E4DA0}.Debug|iPhoneSimulator.Build.0 = Debug|iPhoneSimulator
		{2C9C4DBE-0D84-4CED-A767-006A6A8E4DA0}.Debug|iPhoneSimulator.Deploy.0 = Debug|iPhoneSimulator
		{2C9C4DBE-0D84-4CED-A767-006A6A8E4DA0}.Debug|x64.ActiveCfg = Debug|iPhone
		{2C9C4DBE-0D84-4CED-A767-006A6A8E4DA0}.Debug|x64.Build.0 = Debug|iPhone
		{2C9C4DBE-0D84-4CED-A767-006A6A8E4DA0}.Debug|x64.Deploy.0 = Debug|iPhone
		{2C9C4DBE-0D84-4CED-A767-006A6A8E4DA0}.Debug|x86.ActiveCfg = Debug|iPhone
		{2C9C4DBE-0D84-4CED-A767-006A6A8E4DA0}.Debug|x86.Build.0 = Debug|iPhone
		{2C9C4DBE-0D84-4CED-A767-006A6A8E4DA0}.Debug|x86.Deploy.0 = Debug|iPhone
		{2C9C4DBE-0D84-4CED-A767-006A6A8E4DA0}.Release|Any CPU.ActiveCfg = Release|iPhone
		{2C9C4DBE-0D84-4CED-A767-006A6A8E4DA0}.Release|Any CPU.Build.0 = Release|iPhone
		{2C9C4DBE-0D84-4CED-A767-006A6A8E4DA0}.Release|Any CPU.Deploy.0 = Release|iPhone
		{2C9C4DBE-0D84-4CED-A767-006A6A8E4DA0}.Release|ARM.ActiveCfg = Release|iPhone
		{2C9C4DBE-0D84-4CED-A767-006A6A8E4DA0}.Release|ARM.Build.0 = Release|iPhone
		{2C9C4DBE-0D84-4CED-A767-006A6A8E4DA0}.Release|ARM.Deploy.0 = Release|iPhone
		{2C9C4DBE-0D84-4CED-A767-006A6A8E4DA0}.Release|iPhone.ActiveCfg = Release|iPhone
		{2C9C4DBE-0D84-4CED-A767-006A6A8E4DA0}.Release|iPhone.Build.0 = Release|iPhone
		{2C9C4DBE-0D84-4CED-A767-006A6A8E4DA0}.Release|iPhone.Deploy.0 = Release|iPhone
		{2C9C4DBE-0D84-4CED-A767-006A6A8E4DA0}.Release|iPhoneSimulator.ActiveCfg = Release|iPhoneSimulator
		{2C9C4DBE-0D84-4CED-A767-006A6A8E4DA0}.Release|iPhoneSimulator.Build.0 = Release|iPhoneSimulator
		{2C9C4DBE-0D84-4CED-A767-006A6A8E4DA0}.Release|iPhoneSimulator.Deploy.0 = Release|iPhoneSimulator
		{2C9C4DBE-0D84-4CED-A767-006A6A8E4DA0}.Release|x64.ActiveCfg = Release|iPhone
		{2C9C4DBE-0D84-4CED-A767-006A6A8E4DA0}.Release|x64.Build.0 = Release|iPhone
		{2C9C4DBE-0D84-4CED-A767-006A6A8E4DA0}.Release|x64.Deploy.0 = Release|iPhone
		{2C9C4DBE-0D84-4CED-A767-006A6A8E4DA0}.Release|x86.ActiveCfg = Release|iPhone
		{2C9C4DBE-0D84-4CED-A767-006A6A8E4DA0}.Release|x86.Build.0 = Release|iPhone
		{2C9C4DBE-0D84-4CED-A767-006A6A8E4DA0}.Release|x86.Deploy.0 = Release|iPhone
		{F954B5F4-28D3-4E7D-88E9-5A61BD372376}.Ad-Hoc|Any CPU.ActiveCfg = Release|x86
		{F954B5F4-28D3-4E7D-88E9-5A61BD372376}.Ad-Hoc|Any CPU.Build.0 = Release|x86
		{F954B5F4-28D3-4E7D-88E9-5A61BD372376}.Ad-Hoc|Any CPU.Deploy.0 = Release|x86
		{F954B5F4-28D3-4E7D-88E9-5A61BD372376}.Ad-Hoc|ARM.ActiveCfg = Release|ARM
		{F954B5F4-28D3-4E7D-88E9-5A61BD372376}.Ad-Hoc|ARM.Build.0 = Release|ARM
		{F954B5F4-28D3-4E7D-88E9-5A61BD372376}.Ad-Hoc|ARM.Deploy.0 = Release|ARM
		{F954B5F4-28D3-4E7D-88E9-5A61BD372376}.Ad-Hoc|iPhone.ActiveCfg = Release|x86
		{F954B5F4-28D3-4E7D-88E9-5A61BD372376}.Ad-Hoc|iPhone.Build.0 = Release|x86
		{F954B5F4-28D3-4E7D-88E9-5A61BD372376}.Ad-Hoc|iPhone.Deploy.0 = Release|x86
		{F954B5F4-28D3-4E7D-88E9-5A61BD372376}.Ad-Hoc|iPhoneSimulator.ActiveCfg = Release|x86
		{F954B5F4-28D3-4E7D-88E9-5A61BD372376}.Ad-Hoc|iPhoneSimulator.Build.0 = Release|x86
		{F954B5F4-28D3-4E7D-88E9-5A61BD372376}.Ad-Hoc|iPhoneSimulator.Deploy.0 = Release|x86
		{F954B5F4-28D3-4E7D-88E9-5A61BD372376}.Ad-Hoc|x64.ActiveCfg = Release|x64
		{F954B5F4-28D3-4E7D-88E9-5A61BD372376}.Ad-Hoc|x64.Build.0 = Release|x64
		{F954B5F4-28D3-4E7D-88E9-5A61BD372376}.Ad-Hoc|x64.Deploy.0 = Release|x64
		{F954B5F4-28D3-4E7D-88E9-5A61BD372376}.Ad-Hoc|x86.ActiveCfg = Release|x86
		{F954B5F4-28D3-4E7D-88E9-5A61BD372376}.Ad-Hoc|x86.Build.0 = Release|x86
		{F954B5F4-28D3-4E7D-88E9-5A61BD372376}.Ad-Hoc|x86.Deploy.0 = Release|x86
		{F954B5F4-28D3-4E7D-88E9-5A61BD372376}.AppStore|Any CPU.ActiveCfg = Release|x86
		{F954B5F4-28D3-4E7D-88E9-5A61BD372376}.AppStore|Any CPU.Build.0 = Release|x86
		{F954B5F4-28D3-4E7D-88E9-5A61BD372376}.AppStore|Any CPU.Deploy.0 = Release|x86
		{F954B5F4-28D3-4E7D-88E9-5A61BD372376}.AppStore|ARM.ActiveCfg = Release|ARM
		{F954B5F4-28D3-4E7D-88E9-5A61BD372376}.AppStore|ARM.Build.0 = Release|ARM
		{F954B5F4-28D3-4E7D-88E9-5A61BD372376}.AppStore|ARM.Deploy.0 = Release|ARM
		{F954B5F4-28D3-4E7D-88E9-5A61BD372376}.AppStore|iPhone.ActiveCfg = Release|x86
		{F954B5F4-28D3-4E7D-88E9-5A61BD372376}.AppStore|iPhone.Build.0 = Release|x86
		{F954B5F4-28D3-4E7D-88E9-5A61BD372376}.AppStore|iPhone.Deploy.0 = Release|x86
		{F954B5F4-28D3-4E7D-88E9-5A61BD372376}.AppStore|iPhoneSimulator.ActiveCfg = Release|x86
		{F954B5F4-28D3-4E7D-88E9-5A61BD372376}.AppStore|iPhoneSimulator.Build.0 = Release|x86
		{F954B5F4-28D3-4E7D-88E9-5A61BD372376}.AppStore|iPhoneSimulator.Deploy.0 = Release|x86
		{F954B5F4-28D3-4E7D-88E9-5A61BD372376}.AppStore|x64.ActiveCfg = Release|x64
		{F954B5F4-28D3-4E7D-88E9-5A61BD372376}.AppStore|x64.Build.0 = Release|x64
		{F954B5F4-28D3-4E7D-88E9-5A61BD372376}.AppStore|x64.Deploy.0 = Release|x64
		{F954B5F4-28D3-4E7D-88E9-5A61BD372376}.AppStore|x86.ActiveCfg = Release|x86
		{F954B5F4-28D3-4E7D-88E9-5A61BD372376}.AppStore|x86.Build.0 = Release|x86
		{F954B5F4-28D3-4E7D-88E9-5A61BD372376}.AppStore|x86.Deploy.0 = Release|x86
		{F954B5F4-28D3-4E7D-88E9-5A61BD372376}.Debug|Any CPU.ActiveCfg = Debug|x86
		{F954B5F4-28D3-4E7D-88E9-5A61BD372376}.Debug|Any CPU.Build.0 = Debug|x86
		{F954B5F4-28D3-4E7D-88E9-5A61BD372376}.Debug|Any CPU.Deploy.0 = Debug|x86
		{F954B5F4-28D3-4E7D-88E9-5A61BD372376}.Debug|ARM.ActiveCfg = Debug|ARM
		{F954B5F4-28D3-4E7D-88E9-5A61BD372376}.Debug|ARM.Build.0 = Debug|ARM
		{F954B5F4-28D3-4E7D-88E9-5A61BD372376}.Debug|ARM.Deploy.0 = Debug|ARM
		{F954B5F4-28D3-4E7D-88E9-5A61BD372376}.Debug|iPhone.ActiveCfg = Debug|x86
		{F954B5F4-28D3-4E7D-88E9-5A61BD372376}.Debug|iPhone.Build.0 = Debug|x86
		{F954B5F4-28D3-4E7D-88E9-5A61BD372376}.Debug|iPhone.Deploy.0 = Debug|x86
		{F954B5F4-28D3-4E7D-88E9-5A61BD372376}.Debug|iPhoneSimulator.ActiveCfg = Debug|x86
		{F954B5F4-28D3-4E7D-88E9-5A61BD372376}.Debug|iPhoneSimulator.Build.0 = Debug|x86
		{F954B5F4-28D3-4E7D-88E9-5A61BD372376}.Debug|iPhoneSimulator.Deploy.0 = Debug|x86
		{F954B5F4-28D3-4E7D-88E9-5A61BD372376}.Debug|x64.ActiveCfg = Debug|x64
		{F954B5F4-28D3-4E7D-88E9-5A61BD372376}.Debug|x64.Build.0 = Debug|x64
		{F954B5F4-28D3-4E7D-88E9-5A61BD372376}.Debug|x64.Deploy.0 = Debug|x64
		{F954B5F4-28D3-4E7D-88E9-5A61BD372376}.Debug|x86.ActiveCfg = Debug|x86
		{F954B5F4-28D3-4E7D-88E9-5A61BD372376}.Debug|x86.Build.0 = Debug|x86
		{F954B5F4-28D3-4E7D-88E9-5A61BD372376}.Debug|x86.Deploy.0 = Debug|x86
		{F954B5F4-28D3-4E7D-88E9-5A61BD372376}.Release|Any CPU.ActiveCfg = Release|x86
		{F954B5F4-28D3-4E7D-88E9-5A61BD372376}.Release|Any CPU.Build.0 = Release|x86
		{F954B5F4-28D3-4E7D-88E9-5A61BD372376}.Release|Any CPU.Deploy.0 = Release|x86
		{F954B5F4-28D3-4E7D-88E9-5A61BD372376}.Release|ARM.ActiveCfg = Release|ARM
		{F954B5F4-28D3-4E7D-88E9-5A61BD372376}.Release|ARM.Build.0 = Release|ARM
		{F954B5F4-28D3-4E7D-88E9-5A61BD372376}.Release|ARM.Deploy.0 = Release|ARM
		{F954B5F4-28D3-4E7D-88E9-5A61BD372376}.Release|iPhone.ActiveCfg = Release|x86
		{F954B5F4-28D3-4E7D-88E9-5A61BD372376}.Release|iPhone.Build.0 = Release|x86
		{F954B5F4-28D3-4E7D-88E9-5A61BD372376}.Release|iPhone.Deploy.0 = Release|x86
		{F954B5F4-28D3-4E7D-88E9-5A61BD372376}.Release|iPhoneSimulator.ActiveCfg = Release|x86
		{F954B5F4-28D3-4E7D-88E9-5A61BD372376}.Release|iPhoneSimulator.Build.0 = Release|x86
		{F954B5F4-28D3-4E7D-88E9-5A61BD372376}.Release|iPhoneSimulator.Deploy.0 = Release|x86
		{F954B5F4-28D3-4E7D-88E9-5A61BD372376}.Release|x64.ActiveCfg = Release|x64
		{F954B5F4-28D3-4E7D-88E9-5A61BD372376}.Release|x64.Build.0 = Release|x64
		{F954B5F4-28D3-4E7D-88E9-5A61BD372376}.Release|x64.Deploy.0 = Release|x64
		{F954B5F4-28D3-4E7D-88E9-5A61BD372376}.Release|x86.ActiveCfg = Release|x86
		{F954B5F4-28D3-4E7D-88E9-5A61BD372376}.Release|x86.Build.0 = Release|x86
		{F954B5F4-28D3-4E7D-88E9-5A61BD372376}.Release|x86.Deploy.0 = Release|x86
		{4C49D7A5-6F4C-4908-9F60-E61EE720C84E}.Ad-Hoc|Any CPU.ActiveCfg = Debug|Any CPU
		{4C49D7A5-6F4C-4908-9F60-E61EE720C84E}.Ad-Hoc|Any CPU.Build.0 = Debug|Any CPU
		{4C49D7A5-6F4C-4908-9F60-E61EE720C84E}.Ad-Hoc|Any CPU.Deploy.0 = Debug|Any CPU
		{4C49D7A5-6F4C-4908-9F60-E61EE720C84E}.Ad-Hoc|ARM.ActiveCfg = Debug|Any CPU
		{4C49D7A5-6F4C-4908-9F60-E61EE720C84E}.Ad-Hoc|ARM.Build.0 = Debug|Any CPU
		{4C49D7A5-6F4C-4908-9F60-E61EE720C84E}.Ad-Hoc|ARM.Deploy.0 = Debug|Any CPU
		{4C49D7A5-6F4C-4908-9F60-E61EE720C84E}.Ad-Hoc|iPhone.ActiveCfg = Debug|Any CPU
		{4C49D7A5-6F4C-4908-9F60-E61EE720C84E}.Ad-Hoc|iPhone.Build.0 = Debug|Any CPU
		{4C49D7A5-6F4C-4908-9F60-E61EE720C84E}.Ad-Hoc|iPhone.Deploy.0 = Debug|Any CPU
		{4C49D7A5-6F4C-4908-9F60-E61EE720C84E}.Ad-Hoc|iPhoneSimulator.ActiveCfg = Debug|Any CPU
		{4C49D7A5-6F4C-4908-9F60-E61EE720C84E}.Ad-Hoc|iPhoneSimulator.Build.0 = Debug|Any CPU
		{4C49D7A5-6F4C-4908-9F60-E61EE720C84E}.Ad-Hoc|iPhoneSimulator.Deploy.0 = Debug|Any CPU
		{4C49D7A5-6F4C-4908-9F60-E61EE720C84E}.Ad-Hoc|x64.ActiveCfg = Debug|Any CPU
		{4C49D7A5-6F4C-4908-9F60-E61EE720C84E}.Ad-Hoc|x64.Build.0 = Debug|Any CPU
		{4C49D7A5-6F4C-4908-9F60-E61EE720C84E}.Ad-Hoc|x64.Deploy.0 = Debug|Any CPU
		{4C49D7A5-6F4C-4908-9F60-E61EE720C84E}.Ad-Hoc|x86.ActiveCfg = Debug|Any CPU
		{4C49D7A5-6F4C-4908-9F60-E61EE720C84E}.Ad-Hoc|x86.Build.0 = Debug|Any CPU
		{4C49D7A5-6F4C-4908-9F60-E61EE720C84E}.Ad-Hoc|x86.Deploy.0 = Debug|Any CPU
		{4C49D7A5-6F4C-4908-9F60-E61EE720C84E}.AppStore|Any CPU.ActiveCfg = Debug|Any CPU
		{4C49D7A5-6F4C-4908-9F60-E61EE720C84E}.AppStore|Any CPU.Build.0 = Debug|Any CPU
		{4C49D7A5-6F4C-4908-9F60-E61EE720C84E}.AppStore|Any CPU.Deploy.0 = Debug|Any CPU
		{4C49D7A5-6F4C-4908-9F60-E61EE720C84E}.AppStore|ARM.ActiveCfg = Debug|Any CPU
		{4C49D7A5-6F4C-4908-9F60-E61EE720C84E}.AppStore|ARM.Build.0 = Debug|Any CPU
		{4C49D7A5-6F4C-4908-9F60-E61EE720C84E}.AppStore|ARM.Deploy.0 = Debug|Any CPU
		{4C49D7A5-6F4C-4908-9F60-E61EE720C84E}.AppStore|iPhone.ActiveCfg = Debug|Any CPU
		{4C49D7A5-6F4C-4908-9F60-E61EE720C84E}.AppStore|iPhone.Build.0 = Debug|Any CPU
		{4C49D7A5-6F4C-4908-9F60-E61EE720C84E}.AppStore|iPhone.Deploy.0 = Debug|Any CPU
		{4C49D7A5-6F4C-4908-9F60-E61EE720C84E}.AppStore|iPhoneSimulator.ActiveCfg = Debug|Any CPU
		{4C49D7A5-6F4C-4908-9F60-E61EE720C84E}.AppStore|iPhoneSimulator.Build.0 = Debug|Any CPU
		{4C49D7A5-6F4C-4908-9F60-E61EE720C84E}.AppStore|iPhoneSimulator.Deploy.0 = Debug|Any CPU
		{4C49D7A5-6F4C-4908-9F60-E61EE720C84E}.AppStore|x64.ActiveCfg = Debug|Any CPU
		{4C49D7A5-6F4C-4908-9F60-E61EE720C84E}.AppStore|x64.Build.0 = Debug|Any CPU
		{4C49D7A5-6F4C-4908-9F60-E61EE720C84E}.AppStore|x64.Deploy.0 = Debug|Any CPU
		{4C49D7A5-6F4C-4908-9F60-E61EE720C84E}.AppStore|x86.ActiveCfg = Debug|Any CPU
		{4C49D7A5-6F4C-4908-9F60-E61EE720C84E}.AppStore|x86.Build.0 = Debug|Any CPU
		{4C49D7A5-6F4C-4908-9F60-E61EE720C84E}.AppStore|x86.Deploy.0 = Debug|Any CPU
		{4C49D7A5-6F4C-4908-9F60-E61EE720C84E}.Debug|Any CPU.ActiveCfg = Debug|Any CPU
		{4C49D7A5-6F4C-4908-9F60-E61EE720C84E}.Debug|Any CPU.Build.0 = Debug|Any CPU
		{4C49D7A5-6F4C-4908-9F60-E61EE720C84E}.Debug|Any CPU.Deploy.0 = Debug|Any CPU
		{4C49D7A5-6F4C-4908-9F60-E61EE720C84E}.Debug|ARM.ActiveCfg = Debug|Any CPU
		{4C49D7A5-6F4C-4908-9F60-E61EE720C84E}.Debug|ARM.Build.0 = Debug|Any CPU
		{4C49D7A5-6F4C-4908-9F60-E61EE720C84E}.Debug|ARM.Deploy.0 = Debug|Any CPU
		{4C49D7A5-6F4C-4908-9F60-E61EE720C84E}.Debug|iPhone.ActiveCfg = Debug|Any CPU
		{4C49D7A5-6F4C-4908-9F60-E61EE720C84E}.Debug|iPhone.Build.0 = Debug|Any CPU
		{4C49D7A5-6F4C-4908-9F60-E61EE720C84E}.Debug|iPhone.Deploy.0 = Debug|Any CPU
		{4C49D7A5-6F4C-4908-9F60-E61EE720C84E}.Debug|iPhoneSimulator.ActiveCfg = Debug|Any CPU
		{4C49D7A5-6F4C-4908-9F60-E61EE720C84E}.Debug|iPhoneSimulator.Build.0 = Debug|Any CPU
		{4C49D7A5-6F4C-4908-9F60-E61EE720C84E}.Debug|iPhoneSimulator.Deploy.0 = Debug|Any CPU
		{4C49D7A5-6F4C-4908-9F60-E61EE720C84E}.Debug|x64.ActiveCfg = Debug|Any CPU
		{4C49D7A5-6F4C-4908-9F60-E61EE720C84E}.Debug|x64.Build.0 = Debug|Any CPU
		{4C49D7A5-6F4C-4908-9F60-E61EE720C84E}.Debug|x64.Deploy.0 = Debug|Any CPU
		{4C49D7A5-6F4C-4908-9F60-E61EE720C84E}.Debug|x86.ActiveCfg = Debug|Any CPU
		{4C49D7A5-6F4C-4908-9F60-E61EE720C84E}.Debug|x86.Build.0 = Debug|Any CPU
		{4C49D7A5-6F4C-4908-9F60-E61EE720C84E}.Debug|x86.Deploy.0 = Debug|Any CPU
		{4C49D7A5-6F4C-4908-9F60-E61EE720C84E}.Release|Any CPU.ActiveCfg = Release|Any CPU
		{4C49D7A5-6F4C-4908-9F60-E61EE720C84E}.Release|Any CPU.Build.0 = Release|Any CPU
		{4C49D7A5-6F4C-4908-9F60-E61EE720C84E}.Release|Any CPU.Deploy.0 = Release|Any CPU
		{4C49D7A5-6F4C-4908-9F60-E61EE720C84E}.Release|ARM.ActiveCfg = Release|Any CPU
		{4C49D7A5-6F4C-4908-9F60-E61EE720C84E}.Release|ARM.Build.0 = Release|Any CPU
		{4C49D7A5-6F4C-4908-9F60-E61EE720C84E}.Release|ARM.Deploy.0 = Release|Any CPU
		{4C49D7A5-6F4C-4908-9F60-E61EE720C84E}.Release|iPhone.ActiveCfg = Release|Any CPU
		{4C49D7A5-6F4C-4908-9F60-E61EE720C84E}.Release|iPhone.Build.0 = Release|Any CPU
		{4C49D7A5-6F4C-4908-9F60-E61EE720C84E}.Release|iPhone.Deploy.0 = Release|Any CPU
		{4C49D7A5-6F4C-4908-9F60-E61EE720C84E}.Release|iPhoneSimulator.ActiveCfg = Release|Any CPU
		{4C49D7A5-6F4C-4908-9F60-E61EE720C84E}.Release|iPhoneSimulator.Build.0 = Release|Any CPU
		{4C49D7A5-6F4C-4908-9F60-E61EE720C84E}.Release|iPhoneSimulator.Deploy.0 = Release|Any CPU
		{4C49D7A5-6F4C-4908-9F60-E61EE720C84E}.Release|x64.ActiveCfg = Release|Any CPU
		{4C49D7A5-6F4C-4908-9F60-E61EE720C84E}.Release|x64.Build.0 = Release|Any CPU
		{4C49D7A5-6F4C-4908-9F60-E61EE720C84E}.Release|x64.Deploy.0 = Release|Any CPU
		{4C49D7A5-6F4C-4908-9F60-E61EE720C84E}.Release|x86.ActiveCfg = Release|Any CPU
		{4C49D7A5-6F4C-4908-9F60-E61EE720C84E}.Release|x86.Build.0 = Release|Any CPU
		{4C49D7A5-6F4C-4908-9F60-E61EE720C84E}.Release|x86.Deploy.0 = Release|Any CPU
		{56AC038A-73CB-4BF9-8208-3487A00C63FE}.Ad-Hoc|Any CPU.ActiveCfg = Release|Any CPU
		{56AC038A-73CB-4BF9-8208-3487A00C63FE}.Ad-Hoc|Any CPU.Build.0 = Release|Any CPU
		{56AC038A-73CB-4BF9-8208-3487A00C63FE}.Ad-Hoc|ARM.ActiveCfg = Release|Any CPU
		{56AC038A-73CB-4BF9-8208-3487A00C63FE}.Ad-Hoc|ARM.Build.0 = Release|Any CPU
		{56AC038A-73CB-4BF9-8208-3487A00C63FE}.Ad-Hoc|iPhone.ActiveCfg = Release|Any CPU
		{56AC038A-73CB-4BF9-8208-3487A00C63FE}.Ad-Hoc|iPhone.Build.0 = Release|Any CPU
		{56AC038A-73CB-4BF9-8208-3487A00C63FE}.Ad-Hoc|iPhoneSimulator.ActiveCfg = Release|Any CPU
		{56AC038A-73CB-4BF9-8208-3487A00C63FE}.Ad-Hoc|iPhoneSimulator.Build.0 = Release|Any CPU
		{56AC038A-73CB-4BF9-8208-3487A00C63FE}.Ad-Hoc|x64.ActiveCfg = Release|Any CPU
		{56AC038A-73CB-4BF9-8208-3487A00C63FE}.Ad-Hoc|x64.Build.0 = Release|Any CPU
		{56AC038A-73CB-4BF9-8208-3487A00C63FE}.Ad-Hoc|x86.ActiveCfg = Release|Any CPU
		{56AC038A-73CB-4BF9-8208-3487A00C63FE}.Ad-Hoc|x86.Build.0 = Release|Any CPU
		{56AC038A-73CB-4BF9-8208-3487A00C63FE}.AppStore|Any CPU.ActiveCfg = Release|Any CPU
		{56AC038A-73CB-4BF9-8208-3487A00C63FE}.AppStore|Any CPU.Build.0 = Release|Any CPU
		{56AC038A-73CB-4BF9-8208-3487A00C63FE}.AppStore|ARM.ActiveCfg = Release|Any CPU
		{56AC038A-73CB-4BF9-8208-3487A00C63FE}.AppStore|ARM.Build.0 = Release|Any CPU
		{56AC038A-73CB-4BF9-8208-3487A00C63FE}.AppStore|iPhone.ActiveCfg = Release|Any CPU
		{56AC038A-73CB-4BF9-8208-3487A00C63FE}.AppStore|iPhone.Build.0 = Release|Any CPU
		{56AC038A-73CB-4BF9-8208-3487A00C63FE}.AppStore|iPhoneSimulator.ActiveCfg = Release|Any CPU
		{56AC038A-73CB-4BF9-8208-3487A00C63FE}.AppStore|iPhoneSimulator.Build.0 = Release|Any CPU
		{56AC038A-73CB-4BF9-8208-3487A00C63FE}.AppStore|x64.ActiveCfg = Release|Any CPU
		{56AC038A-73CB-4BF9-8208-3487A00C63FE}.AppStore|x64.Build.0 = Release|Any CPU
		{56AC038A-73CB-4BF9-8208-3487A00C63FE}.AppStore|x86.ActiveCfg = Release|Any CPU
		{56AC038A-73CB-4BF9-8208-3487A00C63FE}.AppStore|x86.Build.0 = Release|Any CPU
		{56AC038A-73CB-4BF9-8208-3487A00C63FE}.Debug|Any CPU.ActiveCfg = Debug|Any CPU
		{56AC038A-73CB-4BF9-8208-3487A00C63FE}.Debug|Any CPU.Build.0 = Debug|Any CPU
		{56AC038A-73CB-4BF9-8208-3487A00C63FE}.Debug|ARM.ActiveCfg = Debug|Any CPU
		{56AC038A-73CB-4BF9-8208-3487A00C63FE}.Debug|ARM.Build.0 = Debug|Any CPU
		{56AC038A-73CB-4BF9-8208-3487A00C63FE}.Debug|iPhone.ActiveCfg = Debug|Any CPU
		{56AC038A-73CB-4BF9-8208-3487A00C63FE}.Debug|iPhone.Build.0 = Debug|Any CPU
		{56AC038A-73CB-4BF9-8208-3487A00C63FE}.Debug|iPhoneSimulator.ActiveCfg = Debug|Any CPU
		{56AC038A-73CB-4BF9-8208-3487A00C63FE}.Debug|iPhoneSimulator.Build.0 = Debug|Any CPU
		{56AC038A-73CB-4BF9-8208-3487A00C63FE}.Debug|x64.ActiveCfg = Debug|Any CPU
		{56AC038A-73CB-4BF9-8208-3487A00C63FE}.Debug|x64.Build.0 = Debug|Any CPU
		{56AC038A-73CB-4BF9-8208-3487A00C63FE}.Debug|x86.ActiveCfg = Debug|Any CPU
		{56AC038A-73CB-4BF9-8208-3487A00C63FE}.Debug|x86.Build.0 = Debug|Any CPU
		{56AC038A-73CB-4BF9-8208-3487A00C63FE}.Release|Any CPU.ActiveCfg = Release|Any CPU
		{56AC038A-73CB-4BF9-8208-3487A00C63FE}.Release|Any CPU.Build.0 = Release|Any CPU
		{56AC038A-73CB-4BF9-8208-3487A00C63FE}.Release|ARM.ActiveCfg = Release|Any CPU
		{56AC038A-73CB-4BF9-8208-3487A00C63FE}.Release|ARM.Build.0 = Release|Any CPU
		{56AC038A-73CB-4BF9-8208-3487A00C63FE}.Release|iPhone.ActiveCfg = Release|Any CPU
		{56AC038A-73CB-4BF9-8208-3487A00C63FE}.Release|iPhone.Build.0 = Release|Any CPU
		{56AC038A-73CB-4BF9-8208-3487A00C63FE}.Release|iPhoneSimulator.ActiveCfg = Release|Any CPU
		{56AC038A-73CB-4BF9-8208-3487A00C63FE}.Release|iPhoneSimulator.Build.0 = Release|Any CPU
		{56AC038A-73CB-4BF9-8208-3487A00C63FE}.Release|x64.ActiveCfg = Release|Any CPU
		{56AC038A-73CB-4BF9-8208-3487A00C63FE}.Release|x64.Build.0 = Release|Any CPU
		{56AC038A-73CB-4BF9-8208-3487A00C63FE}.Release|x86.ActiveCfg = Release|Any CPU
		{56AC038A-73CB-4BF9-8208-3487A00C63FE}.Release|x86.Build.0 = Release|Any CPU
		{3596D306-A56D-46B5-8828-DB842971E20B}.Ad-Hoc|Any CPU.ActiveCfg = Release|Any CPU
		{3596D306-A56D-46B5-8828-DB842971E20B}.Ad-Hoc|Any CPU.Build.0 = Release|Any CPU
		{3596D306-A56D-46B5-8828-DB842971E20B}.Ad-Hoc|ARM.ActiveCfg = Release|Any CPU
		{3596D306-A56D-46B5-8828-DB842971E20B}.Ad-Hoc|ARM.Build.0 = Release|Any CPU
		{3596D306-A56D-46B5-8828-DB842971E20B}.Ad-Hoc|iPhone.ActiveCfg = Release|Any CPU
		{3596D306-A56D-46B5-8828-DB842971E20B}.Ad-Hoc|iPhone.Build.0 = Release|Any CPU
		{3596D306-A56D-46B5-8828-DB842971E20B}.Ad-Hoc|iPhoneSimulator.ActiveCfg = Release|Any CPU
		{3596D306-A56D-46B5-8828-DB842971E20B}.Ad-Hoc|iPhoneSimulator.Build.0 = Release|Any CPU
		{3596D306-A56D-46B5-8828-DB842971E20B}.Ad-Hoc|x64.ActiveCfg = Release|Any CPU
		{3596D306-A56D-46B5-8828-DB842971E20B}.Ad-Hoc|x64.Build.0 = Release|Any CPU
		{3596D306-A56D-46B5-8828-DB842971E20B}.Ad-Hoc|x86.ActiveCfg = Release|Any CPU
		{3596D306-A56D-46B5-8828-DB842971E20B}.Ad-Hoc|x86.Build.0 = Release|Any CPU
		{3596D306-A56D-46B5-8828-DB842971E20B}.AppStore|Any CPU.ActiveCfg = Release|Any CPU
		{3596D306-A56D-46B5-8828-DB842971E20B}.AppStore|Any CPU.Build.0 = Release|Any CPU
		{3596D306-A56D-46B5-8828-DB842971E20B}.AppStore|ARM.ActiveCfg = Release|Any CPU
		{3596D306-A56D-46B5-8828-DB842971E20B}.AppStore|ARM.Build.0 = Release|Any CPU
		{3596D306-A56D-46B5-8828-DB842971E20B}.AppStore|iPhone.ActiveCfg = Release|Any CPU
		{3596D306-A56D-46B5-8828-DB842971E20B}.AppStore|iPhone.Build.0 = Release|Any CPU
		{3596D306-A56D-46B5-8828-DB842971E20B}.AppStore|iPhoneSimulator.ActiveCfg = Release|Any CPU
		{3596D306-A56D-46B5-8828-DB842971E20B}.AppStore|iPhoneSimulator.Build.0 = Release|Any CPU
		{3596D306-A56D-46B5-8828-DB842971E20B}.AppStore|x64.ActiveCfg = Release|Any CPU
		{3596D306-A56D-46B5-8828-DB842971E20B}.AppStore|x64.Build.0 = Release|Any CPU
		{3596D306-A56D-46B5-8828-DB842971E20B}.AppStore|x86.ActiveCfg = Release|Any CPU
		{3596D306-A56D-46B5-8828-DB842971E20B}.AppStore|x86.Build.0 = Release|Any CPU
		{3596D306-A56D-46B5-8828-DB842971E20B}.Debug|Any CPU.ActiveCfg = Debug|Any CPU
		{3596D306-A56D-46B5-8828-DB842971E20B}.Debug|Any CPU.Build.0 = Debug|Any CPU
		{3596D306-A56D-46B5-8828-DB842971E20B}.Debug|ARM.ActiveCfg = Debug|Any CPU
		{3596D306-A56D-46B5-8828-DB842971E20B}.Debug|ARM.Build.0 = Debug|Any CPU
		{3596D306-A56D-46B5-8828-DB842971E20B}.Debug|iPhone.ActiveCfg = Debug|Any CPU
		{3596D306-A56D-46B5-8828-DB842971E20B}.Debug|iPhone.Build.0 = Debug|Any CPU
		{3596D306-A56D-46B5-8828-DB842971E20B}.Debug|iPhoneSimulator.ActiveCfg = Debug|Any CPU
		{3596D306-A56D-46B5-8828-DB842971E20B}.Debug|iPhoneSimulator.Build.0 = Debug|Any CPU
		{3596D306-A56D-46B5-8828-DB842971E20B}.Debug|x64.ActiveCfg = Debug|Any CPU
		{3596D306-A56D-46B5-8828-DB842971E20B}.Debug|x64.Build.0 = Debug|Any CPU
		{3596D306-A56D-46B5-8828-DB842971E20B}.Debug|x86.ActiveCfg = Debug|Any CPU
		{3596D306-A56D-46B5-8828-DB842971E20B}.Debug|x86.Build.0 = Debug|Any CPU
		{3596D306-A56D-46B5-8828-DB842971E20B}.Release|Any CPU.ActiveCfg = Release|Any CPU
		{3596D306-A56D-46B5-8828-DB842971E20B}.Release|Any CPU.Build.0 = Release|Any CPU
		{3596D306-A56D-46B5-8828-DB842971E20B}.Release|ARM.ActiveCfg = Release|Any CPU
		{3596D306-A56D-46B5-8828-DB842971E20B}.Release|ARM.Build.0 = Release|Any CPU
		{3596D306-A56D-46B5-8828-DB842971E20B}.Release|iPhone.ActiveCfg = Release|Any CPU
		{3596D306-A56D-46B5-8828-DB842971E20B}.Release|iPhone.Build.0 = Release|Any CPU
		{3596D306-A56D-46B5-8828-DB842971E20B}.Release|iPhoneSimulator.ActiveCfg = Release|Any CPU
		{3596D306-A56D-46B5-8828-DB842971E20B}.Release|iPhoneSimulator.Build.0 = Release|Any CPU
		{3596D306-A56D-46B5-8828-DB842971E20B}.Release|x64.ActiveCfg = Release|Any CPU
		{3596D306-A56D-46B5-8828-DB842971E20B}.Release|x64.Build.0 = Release|Any CPU
		{3596D306-A56D-46B5-8828-DB842971E20B}.Release|x86.ActiveCfg = Release|Any CPU
		{3596D306-A56D-46B5-8828-DB842971E20B}.Release|x86.Build.0 = Release|Any CPU
		{D05BDFF3-6159-46F1-882B-C90D80CB7F66}.Ad-Hoc|Any CPU.ActiveCfg = Release|Any CPU
		{D05BDFF3-6159-46F1-882B-C90D80CB7F66}.Ad-Hoc|Any CPU.Build.0 = Release|Any CPU
		{D05BDFF3-6159-46F1-882B-C90D80CB7F66}.Ad-Hoc|ARM.ActiveCfg = Release|Any CPU
		{D05BDFF3-6159-46F1-882B-C90D80CB7F66}.Ad-Hoc|ARM.Build.0 = Release|Any CPU
		{D05BDFF3-6159-46F1-882B-C90D80CB7F66}.Ad-Hoc|iPhone.ActiveCfg = Release|Any CPU
		{D05BDFF3-6159-46F1-882B-C90D80CB7F66}.Ad-Hoc|iPhone.Build.0 = Release|Any CPU
		{D05BDFF3-6159-46F1-882B-C90D80CB7F66}.Ad-Hoc|iPhoneSimulator.ActiveCfg = Release|Any CPU
		{D05BDFF3-6159-46F1-882B-C90D80CB7F66}.Ad-Hoc|iPhoneSimulator.Build.0 = Release|Any CPU
		{D05BDFF3-6159-46F1-882B-C90D80CB7F66}.Ad-Hoc|x64.ActiveCfg = Release|Any CPU
		{D05BDFF3-6159-46F1-882B-C90D80CB7F66}.Ad-Hoc|x64.Build.0 = Release|Any CPU
		{D05BDFF3-6159-46F1-882B-C90D80CB7F66}.Ad-Hoc|x86.ActiveCfg = Release|Any CPU
		{D05BDFF3-6159-46F1-882B-C90D80CB7F66}.Ad-Hoc|x86.Build.0 = Release|Any CPU
		{D05BDFF3-6159-46F1-882B-C90D80CB7F66}.AppStore|Any CPU.ActiveCfg = Release|Any CPU
		{D05BDFF3-6159-46F1-882B-C90D80CB7F66}.AppStore|Any CPU.Build.0 = Release|Any CPU
		{D05BDFF3-6159-46F1-882B-C90D80CB7F66}.AppStore|ARM.ActiveCfg = Release|Any CPU
		{D05BDFF3-6159-46F1-882B-C90D80CB7F66}.AppStore|ARM.Build.0 = Release|Any CPU
		{D05BDFF3-6159-46F1-882B-C90D80CB7F66}.AppStore|iPhone.ActiveCfg = Release|Any CPU
		{D05BDFF3-6159-46F1-882B-C90D80CB7F66}.AppStore|iPhone.Build.0 = Release|Any CPU
		{D05BDFF3-6159-46F1-882B-C90D80CB7F66}.AppStore|iPhoneSimulator.ActiveCfg = Release|Any CPU
		{D05BDFF3-6159-46F1-882B-C90D80CB7F66}.AppStore|iPhoneSimulator.Build.0 = Release|Any CPU
		{D05BDFF3-6159-46F1-882B-C90D80CB7F66}.AppStore|x64.ActiveCfg = Release|Any CPU
		{D05BDFF3-6159-46F1-882B-C90D80CB7F66}.AppStore|x64.Build.0 = Release|Any CPU
		{D05BDFF3-6159-46F1-882B-C90D80CB7F66}.AppStore|x86.ActiveCfg = Release|Any CPU
		{D05BDFF3-6159-46F1-882B-C90D80CB7F66}.AppStore|x86.Build.0 = Release|Any CPU
		{D05BDFF3-6159-46F1-882B-C90D80CB7F66}.Debug|Any CPU.ActiveCfg = Debug|Any CPU
		{D05BDFF3-6159-46F1-882B-C90D80CB7F66}.Debug|Any CPU.Build.0 = Debug|Any CPU
		{D05BDFF3-6159-46F1-882B-C90D80CB7F66}.Debug|ARM.ActiveCfg = Debug|Any CPU
		{D05BDFF3-6159-46F1-882B-C90D80CB7F66}.Debug|ARM.Build.0 = Debug|Any CPU
		{D05BDFF3-6159-46F1-882B-C90D80CB7F66}.Debug|iPhone.ActiveCfg = Debug|Any CPU
		{D05BDFF3-6159-46F1-882B-C90D80CB7F66}.Debug|iPhone.Build.0 = Debug|Any CPU
		{D05BDFF3-6159-46F1-882B-C90D80CB7F66}.Debug|iPhoneSimulator.ActiveCfg = Debug|Any CPU
		{D05BDFF3-6159-46F1-882B-C90D80CB7F66}.Debug|iPhoneSimulator.Build.0 = Debug|Any CPU
		{D05BDFF3-6159-46F1-882B-C90D80CB7F66}.Debug|x64.ActiveCfg = Debug|Any CPU
		{D05BDFF3-6159-46F1-882B-C90D80CB7F66}.Debug|x64.Build.0 = Debug|Any CPU
		{D05BDFF3-6159-46F1-882B-C90D80CB7F66}.Debug|x86.ActiveCfg = Debug|Any CPU
		{D05BDFF3-6159-46F1-882B-C90D80CB7F66}.Debug|x86.Build.0 = Debug|Any CPU
		{D05BDFF3-6159-46F1-882B-C90D80CB7F66}.Release|Any CPU.ActiveCfg = Release|Any CPU
		{D05BDFF3-6159-46F1-882B-C90D80CB7F66}.Release|Any CPU.Build.0 = Release|Any CPU
		{D05BDFF3-6159-46F1-882B-C90D80CB7F66}.Release|ARM.ActiveCfg = Release|Any CPU
		{D05BDFF3-6159-46F1-882B-C90D80CB7F66}.Release|ARM.Build.0 = Release|Any CPU
		{D05BDFF3-6159-46F1-882B-C90D80CB7F66}.Release|iPhone.ActiveCfg = Release|Any CPU
		{D05BDFF3-6159-46F1-882B-C90D80CB7F66}.Release|iPhone.Build.0 = Release|Any CPU
		{D05BDFF3-6159-46F1-882B-C90D80CB7F66}.Release|iPhoneSimulator.ActiveCfg = Release|Any CPU
		{D05BDFF3-6159-46F1-882B-C90D80CB7F66}.Release|iPhoneSimulator.Build.0 = Release|Any CPU
		{D05BDFF3-6159-46F1-882B-C90D80CB7F66}.Release|x64.ActiveCfg = Release|Any CPU
		{D05BDFF3-6159-46F1-882B-C90D80CB7F66}.Release|x64.Build.0 = Release|Any CPU
		{D05BDFF3-6159-46F1-882B-C90D80CB7F66}.Release|x86.ActiveCfg = Release|Any CPU
		{D05BDFF3-6159-46F1-882B-C90D80CB7F66}.Release|x86.Build.0 = Release|Any CPU
		{4A1BC80F-F210-4B41-814A-658E90435A59}.Ad-Hoc|Any CPU.ActiveCfg = Release|Any CPU
		{4A1BC80F-F210-4B41-814A-658E90435A59}.Ad-Hoc|Any CPU.Build.0 = Release|Any CPU
		{4A1BC80F-F210-4B41-814A-658E90435A59}.Ad-Hoc|ARM.ActiveCfg = Release|Any CPU
		{4A1BC80F-F210-4B41-814A-658E90435A59}.Ad-Hoc|ARM.Build.0 = Release|Any CPU
		{4A1BC80F-F210-4B41-814A-658E90435A59}.Ad-Hoc|iPhone.ActiveCfg = Release|Any CPU
		{4A1BC80F-F210-4B41-814A-658E90435A59}.Ad-Hoc|iPhone.Build.0 = Release|Any CPU
		{4A1BC80F-F210-4B41-814A-658E90435A59}.Ad-Hoc|iPhoneSimulator.ActiveCfg = Release|Any CPU
		{4A1BC80F-F210-4B41-814A-658E90435A59}.Ad-Hoc|iPhoneSimulator.Build.0 = Release|Any CPU
		{4A1BC80F-F210-4B41-814A-658E90435A59}.Ad-Hoc|x64.ActiveCfg = Release|Any CPU
		{4A1BC80F-F210-4B41-814A-658E90435A59}.Ad-Hoc|x64.Build.0 = Release|Any CPU
		{4A1BC80F-F210-4B41-814A-658E90435A59}.Ad-Hoc|x86.ActiveCfg = Release|Any CPU
		{4A1BC80F-F210-4B41-814A-658E90435A59}.Ad-Hoc|x86.Build.0 = Release|Any CPU
		{4A1BC80F-F210-4B41-814A-658E90435A59}.AppStore|Any CPU.ActiveCfg = Release|Any CPU
		{4A1BC80F-F210-4B41-814A-658E90435A59}.AppStore|Any CPU.Build.0 = Release|Any CPU
		{4A1BC80F-F210-4B41-814A-658E90435A59}.AppStore|ARM.ActiveCfg = Release|Any CPU
		{4A1BC80F-F210-4B41-814A-658E90435A59}.AppStore|ARM.Build.0 = Release|Any CPU
		{4A1BC80F-F210-4B41-814A-658E90435A59}.AppStore|iPhone.ActiveCfg = Release|Any CPU
		{4A1BC80F-F210-4B41-814A-658E90435A59}.AppStore|iPhone.Build.0 = Release|Any CPU
		{4A1BC80F-F210-4B41-814A-658E90435A59}.AppStore|iPhoneSimulator.ActiveCfg = Release|Any CPU
		{4A1BC80F-F210-4B41-814A-658E90435A59}.AppStore|iPhoneSimulator.Build.0 = Release|Any CPU
		{4A1BC80F-F210-4B41-814A-658E90435A59}.AppStore|x64.ActiveCfg = Release|Any CPU
		{4A1BC80F-F210-4B41-814A-658E90435A59}.AppStore|x64.Build.0 = Release|Any CPU
		{4A1BC80F-F210-4B41-814A-658E90435A59}.AppStore|x86.ActiveCfg = Release|Any CPU
		{4A1BC80F-F210-4B41-814A-658E90435A59}.AppStore|x86.Build.0 = Release|Any CPU
		{4A1BC80F-F210-4B41-814A-658E90435A59}.Debug|Any CPU.ActiveCfg = Debug|Any CPU
		{4A1BC80F-F210-4B41-814A-658E90435A59}.Debug|Any CPU.Build.0 = Debug|Any CPU
		{4A1BC80F-F210-4B41-814A-658E90435A59}.Debug|ARM.ActiveCfg = Debug|Any CPU
		{4A1BC80F-F210-4B41-814A-658E90435A59}.Debug|ARM.Build.0 = Debug|Any CPU
		{4A1BC80F-F210-4B41-814A-658E90435A59}.Debug|iPhone.ActiveCfg = Debug|Any CPU
		{4A1BC80F-F210-4B41-814A-658E90435A59}.Debug|iPhone.Build.0 = Debug|Any CPU
		{4A1BC80F-F210-4B41-814A-658E90435A59}.Debug|iPhoneSimulator.ActiveCfg = Debug|Any CPU
		{4A1BC80F-F210-4B41-814A-658E90435A59}.Debug|iPhoneSimulator.Build.0 = Debug|Any CPU
		{4A1BC80F-F210-4B41-814A-658E90435A59}.Debug|x64.ActiveCfg = Debug|Any CPU
		{4A1BC80F-F210-4B41-814A-658E90435A59}.Debug|x64.Build.0 = Debug|Any CPU
		{4A1BC80F-F210-4B41-814A-658E90435A59}.Debug|x86.ActiveCfg = Debug|Any CPU
		{4A1BC80F-F210-4B41-814A-658E90435A59}.Debug|x86.Build.0 = Debug|Any CPU
		{4A1BC80F-F210-4B41-814A-658E90435A59}.Release|Any CPU.ActiveCfg = Release|Any CPU
		{4A1BC80F-F210-4B41-814A-658E90435A59}.Release|Any CPU.Build.0 = Release|Any CPU
		{4A1BC80F-F210-4B41-814A-658E90435A59}.Release|ARM.ActiveCfg = Release|Any CPU
		{4A1BC80F-F210-4B41-814A-658E90435A59}.Release|ARM.Build.0 = Release|Any CPU
		{4A1BC80F-F210-4B41-814A-658E90435A59}.Release|iPhone.ActiveCfg = Release|Any CPU
		{4A1BC80F-F210-4B41-814A-658E90435A59}.Release|iPhone.Build.0 = Release|Any CPU
		{4A1BC80F-F210-4B41-814A-658E90435A59}.Release|iPhoneSimulator.ActiveCfg = Release|Any CPU
		{4A1BC80F-F210-4B41-814A-658E90435A59}.Release|iPhoneSimulator.Build.0 = Release|Any CPU
		{4A1BC80F-F210-4B41-814A-658E90435A59}.Release|x64.ActiveCfg = Release|Any CPU
		{4A1BC80F-F210-4B41-814A-658E90435A59}.Release|x64.Build.0 = Release|Any CPU
		{4A1BC80F-F210-4B41-814A-658E90435A59}.Release|x86.ActiveCfg = Release|Any CPU
		{4A1BC80F-F210-4B41-814A-658E90435A59}.Release|x86.Build.0 = Release|Any CPU
		{E806835F-D44F-41C6-8587-3D83A742A67D}.Ad-Hoc|Any CPU.ActiveCfg = Release|Any CPU
		{E806835F-D44F-41C6-8587-3D83A742A67D}.Ad-Hoc|Any CPU.Build.0 = Release|Any CPU
		{E806835F-D44F-41C6-8587-3D83A742A67D}.Ad-Hoc|ARM.ActiveCfg = Release|Any CPU
		{E806835F-D44F-41C6-8587-3D83A742A67D}.Ad-Hoc|ARM.Build.0 = Release|Any CPU
		{E806835F-D44F-41C6-8587-3D83A742A67D}.Ad-Hoc|iPhone.ActiveCfg = Release|Any CPU
		{E806835F-D44F-41C6-8587-3D83A742A67D}.Ad-Hoc|iPhone.Build.0 = Release|Any CPU
		{E806835F-D44F-41C6-8587-3D83A742A67D}.Ad-Hoc|iPhoneSimulator.ActiveCfg = Release|Any CPU
		{E806835F-D44F-41C6-8587-3D83A742A67D}.Ad-Hoc|iPhoneSimulator.Build.0 = Release|Any CPU
		{E806835F-D44F-41C6-8587-3D83A742A67D}.Ad-Hoc|x64.ActiveCfg = Release|Any CPU
		{E806835F-D44F-41C6-8587-3D83A742A67D}.Ad-Hoc|x64.Build.0 = Release|Any CPU
		{E806835F-D44F-41C6-8587-3D83A742A67D}.Ad-Hoc|x86.ActiveCfg = Release|Any CPU
		{E806835F-D44F-41C6-8587-3D83A742A67D}.Ad-Hoc|x86.Build.0 = Release|Any CPU
		{E806835F-D44F-41C6-8587-3D83A742A67D}.AppStore|Any CPU.ActiveCfg = Release|Any CPU
		{E806835F-D44F-41C6-8587-3D83A742A67D}.AppStore|Any CPU.Build.0 = Release|Any CPU
		{E806835F-D44F-41C6-8587-3D83A742A67D}.AppStore|ARM.ActiveCfg = Release|Any CPU
		{E806835F-D44F-41C6-8587-3D83A742A67D}.AppStore|ARM.Build.0 = Release|Any CPU
		{E806835F-D44F-41C6-8587-3D83A742A67D}.AppStore|iPhone.ActiveCfg = Release|Any CPU
		{E806835F-D44F-41C6-8587-3D83A742A67D}.AppStore|iPhone.Build.0 = Release|Any CPU
		{E806835F-D44F-41C6-8587-3D83A742A67D}.AppStore|iPhoneSimulator.ActiveCfg = Release|Any CPU
		{E806835F-D44F-41C6-8587-3D83A742A67D}.AppStore|iPhoneSimulator.Build.0 = Release|Any CPU
		{E806835F-D44F-41C6-8587-3D83A742A67D}.AppStore|x64.ActiveCfg = Release|Any CPU
		{E806835F-D44F-41C6-8587-3D83A742A67D}.AppStore|x64.Build.0 = Release|Any CPU
		{E806835F-D44F-41C6-8587-3D83A742A67D}.AppStore|x86.ActiveCfg = Release|Any CPU
		{E806835F-D44F-41C6-8587-3D83A742A67D}.AppStore|x86.Build.0 = Release|Any CPU
		{E806835F-D44F-41C6-8587-3D83A742A67D}.Debug|Any CPU.ActiveCfg = Debug|Any CPU
		{E806835F-D44F-41C6-8587-3D83A742A67D}.Debug|Any CPU.Build.0 = Debug|Any CPU
		{E806835F-D44F-41C6-8587-3D83A742A67D}.Debug|ARM.ActiveCfg = Debug|Any CPU
		{E806835F-D44F-41C6-8587-3D83A742A67D}.Debug|ARM.Build.0 = Debug|Any CPU
		{E806835F-D44F-41C6-8587-3D83A742A67D}.Debug|iPhone.ActiveCfg = Debug|Any CPU
		{E806835F-D44F-41C6-8587-3D83A742A67D}.Debug|iPhone.Build.0 = Debug|Any CPU
		{E806835F-D44F-41C6-8587-3D83A742A67D}.Debug|iPhoneSimulator.ActiveCfg = Debug|Any CPU
		{E806835F-D44F-41C6-8587-3D83A742A67D}.Debug|iPhoneSimulator.Build.0 = Debug|Any CPU
		{E806835F-D44F-41C6-8587-3D83A742A67D}.Debug|x64.ActiveCfg = Debug|Any CPU
		{E806835F-D44F-41C6-8587-3D83A742A67D}.Debug|x64.Build.0 = Debug|Any CPU
		{E806835F-D44F-41C6-8587-3D83A742A67D}.Debug|x86.ActiveCfg = Debug|Any CPU
		{E806835F-D44F-41C6-8587-3D83A742A67D}.Debug|x86.Build.0 = Debug|Any CPU
		{E806835F-D44F-41C6-8587-3D83A742A67D}.Release|Any CPU.ActiveCfg = Release|Any CPU
		{E806835F-D44F-41C6-8587-3D83A742A67D}.Release|Any CPU.Build.0 = Release|Any CPU
		{E806835F-D44F-41C6-8587-3D83A742A67D}.Release|ARM.ActiveCfg = Release|Any CPU
		{E806835F-D44F-41C6-8587-3D83A742A67D}.Release|ARM.Build.0 = Release|Any CPU
		{E806835F-D44F-41C6-8587-3D83A742A67D}.Release|iPhone.ActiveCfg = Release|Any CPU
		{E806835F-D44F-41C6-8587-3D83A742A67D}.Release|iPhone.Build.0 = Release|Any CPU
		{E806835F-D44F-41C6-8587-3D83A742A67D}.Release|iPhoneSimulator.ActiveCfg = Release|Any CPU
		{E806835F-D44F-41C6-8587-3D83A742A67D}.Release|iPhoneSimulator.Build.0 = Release|Any CPU
		{E806835F-D44F-41C6-8587-3D83A742A67D}.Release|x64.ActiveCfg = Release|Any CPU
		{E806835F-D44F-41C6-8587-3D83A742A67D}.Release|x64.Build.0 = Release|Any CPU
		{E806835F-D44F-41C6-8587-3D83A742A67D}.Release|x86.ActiveCfg = Release|Any CPU
		{E806835F-D44F-41C6-8587-3D83A742A67D}.Release|x86.Build.0 = Release|Any CPU
	EndGlobalSection
	GlobalSection(SolutionProperties) = preSolution
		HideSolutionNode = FALSE
	EndGlobalSection
	GlobalSection(ExtensibilityGlobals) = postSolution
		SolutionGuid = {2ABB03AC-928E-4B3A-AAB3-F2CCB6F325B9}
	EndGlobalSection
EndGlobal
